
Microsoft Visual Studio Solution File, Format Version 12.00
# Visual Studio Version 17
VisualStudioVersion = 17.3.32804.467
MinimumVisualStudioVersion = 10.0.40219.1
Project("{FAE04EC0-301F-11D3-BF4B-00C04F79EFBC}") = "BriefcaseService", "BriefcaseService\BriefcaseService.csproj", "{9DAD1C32-6B72-414B-8867-933CD3D18385}"
EndProject
Project("{FAE04EC0-301F-11D3-BF4B-00C04F79EFBC}") = "Facade", "Facade\Facade.csproj", "{FBD0BDBF-BC6E-48A2-BA41-A858D338303B}"
EndProject
Project("{FAE04EC0-301F-11D3-BF4B-00C04F79EFBC}") = "OrdersService", "OrdersService\OrdersService.csproj", "{77F7AAE1-BF55-43C1-8189-CC3C7C2869B6}"
EndProject
Project("{FAE04EC0-301F-11D3-BF4B-00C04F79EFBC}") = "AuthService", "AuthService\AuthService.csproj", "{FFCEBA8B-7AB8-4DD1-A9A7-1E9F83CA06A5}"
EndProject
Project("{FAE04EC0-301F-11D3-BF4B-00C04F79EFBC}") = "ProductService", "ProductService\ProductService.csproj", "{C385FE87-0470-4BDA-85CB-47A4F83ED5FA}"
EndProject
Project("{FAE04EC0-301F-11D3-BF4B-00C04F79EFBC}") = "TransactService", "TransactService\TransactService.csproj", "{AEACCCC3-76B9-4207-AB9B-A55BCA7F9F07}"
EndProject
Project("{FAE04EC0-301F-11D3-BF4B-00C04F79EFBC}") = "BalanceService", "BalanceService\BalanceService.csproj", "{4CEDEE5B-F54E-4669-809B-667340D6750E}"
EndProject
Global
	GlobalSection(SolutionConfigurationPlatforms) = preSolution
		Debug|Any CPU = Debug|Any CPU
		Release|Any CPU = Release|Any CPU
	EndGlobalSection
	GlobalSection(ProjectConfigurationPlatforms) = postSolution
		{9DAD1C32-6B72-414B-8867-933CD3D18385}.Debug|Any CPU.ActiveCfg = Debug|Any CPU
		{9DAD1C32-6B72-414B-8867-933CD3D18385}.Debug|Any CPU.Build.0 = Debug|Any CPU
		{9DAD1C32-6B72-414B-8867-933CD3D18385}.Release|Any CPU.ActiveCfg = Release|Any CPU
		{9DAD1C32-6B72-414B-8867-933CD3D18385}.Release|Any CPU.Build.0 = Release|Any CPU
		{FBD0BDBF-BC6E-48A2-BA41-A858D338303B}.Debug|Any CPU.ActiveCfg = Debug|Any CPU
		{FBD0BDBF-BC6E-48A2-BA41-A858D338303B}.Debug|Any CPU.Build.0 = Debug|Any CPU
		{FBD0BDBF-BC6E-48A2-BA41-A858D338303B}.Release|Any CPU.ActiveCfg = Release|Any CPU
		{FBD0BDBF-BC6E-48A2-BA41-A858D338303B}.Release|Any CPU.Build.0 = Release|Any CPU
		{77F7AAE1-BF55-43C1-8189-CC3C7C2869B6}.Debug|Any CPU.ActiveCfg = Debug|Any CPU
		{77F7AAE1-BF55-43C1-8189-CC3C7C2869B6}.Debug|Any CPU.Build.0 = Debug|Any CPU
		{77F7AAE1-BF55-43C1-8189-CC3C7C2869B6}.Release|Any CPU.ActiveCfg = Release|Any CPU
		{77F7AAE1-BF55-43C1-8189-CC3C7C2869B6}.Release|Any CPU.Build.0 = Release|Any CPU
		{FFCEBA8B-7AB8-4DD1-A9A7-1E9F83CA06A5}.Debug|Any CPU.ActiveCfg = Debug|Any CPU
		{FFCEBA8B-7AB8-4DD1-A9A7-1E9F83CA06A5}.Debug|Any CPU.Build.0 = Debug|Any CPU
		{FFCEBA8B-7AB8-4DD1-A9A7-1E9F83CA06A5}.Release|Any CPU.ActiveCfg = Release|Any CPU
		{FFCEBA8B-7AB8-4DD1-A9A7-1E9F83CA06A5}.Release|Any CPU.Build.0 = Release|Any CPU
		{C385FE87-0470-4BDA-85CB-47A4F83ED5FA}.Debug|Any CPU.ActiveCfg = Debug|Any CPU
		{C385FE87-0470-4BDA-85CB-47A4F83ED5FA}.Debug|Any CPU.Build.0 = Debug|Any CPU
		{C385FE87-0470-4BDA-85CB-47A4F83ED5FA}.Release|Any CPU.ActiveCfg = Release|Any CPU
		{C385FE87-0470-4BDA-85CB-47A4F83ED5FA}.Release|Any CPU.Build.0 = Release|Any CPU
		{AEACCCC3-76B9-4207-AB9B-A55BCA7F9F07}.Debug|Any CPU.ActiveCfg = Debug|Any CPU
		{AEACCCC3-76B9-4207-AB9B-A55BCA7F9F07}.Debug|Any CPU.Build.0 = Debug|Any CPU
		{AEACCCC3-76B9-4207-AB9B-A55BCA7F9F07}.Release|Any CPU.ActiveCfg = Release|Any CPU
		{AEACCCC3-76B9-4207-AB9B-A55BCA7F9F07}.Release|Any CPU.Build.0 = Release|Any CPU
		{4CEDEE5B-F54E-4669-809B-667340D6750E}.Debug|Any CPU.ActiveCfg = Debug|Any CPU
		{4CEDEE5B-F54E-4669-809B-667340D6750E}.Debug|Any CPU.Build.0 = Debug|Any CPU
		{4CEDEE5B-F54E-4669-809B-667340D6750E}.Release|Any CPU.ActiveCfg = Release|Any CPU
		{4CEDEE5B-F54E-4669-809B-667340D6750E}.Release|Any CPU.Build.0 = Release|Any CPU
	EndGlobalSection
	GlobalSection(SolutionProperties) = preSolution
		HideSolutionNode = FALSE
	EndGlobalSection
	GlobalSection(ExtensibilityGlobals) = postSolution
		SolutionGuid = {A984C97E-140D-4407-A998-3C4177EF4F97}
	EndGlobalSection
EndGlobal
